
Microsoft Visual Studio Solution File, Format Version 12.00
# Visual Studio 15
VisualStudioVersion = 15.0.27130.2026
MinimumVisualStudioVersion = 10.0.40219.1
Project("{FAE04EC0-301F-11D3-BF4B-00C04F79EFBC}") = "RavennaSoftware.UWPBadge.TestApp", "RavennaSoftware.UWPBadge.TestApp.csproj", "{259B6EAE-EADC-4639-A445-3658F008695F}"
EndProject
Global
	GlobalSection(SolutionConfigurationPlatforms) = preSolution
		Debug|ARM = Debug|ARM
		Debug|x64 = Debug|x64
		Debug|x86 = Debug|x86
		Release|ARM = Release|ARM
		Release|x64 = Release|x64
		Release|x86 = Release|x86
	EndGlobalSection
	GlobalSection(ProjectConfigurationPlatforms) = postSolution
		{259B6EAE-EADC-4639-A445-3658F008695F}.Debug|ARM.ActiveCfg = Debug|ARM
		{259B6EAE-EADC-4639-A445-3658F008695F}.Debug|ARM.Build.0 = Debug|ARM
		{259B6EAE-EADC-4639-A445-3658F008695F}.Debug|ARM.Deploy.0 = Debug|ARM
		{259B6EAE-EADC-4639-A445-3658F008695F}.Debug|x64.ActiveCfg = Debug|x64
		{259B6EAE-EADC-4639-A445-3658F008695F}.Debug|x64.Build.0 = Debug|x64
		{259B6EAE-EADC-4639-A445-3658F008695F}.Debug|x64.Deploy.0 = Debug|x64
		{259B6EAE-EADC-4639-A445-3658F008695F}.Debug|x86.ActiveCfg = Debug|x86
		{259B6EAE-EADC-4639-A445-3658F008695F}.Debug|x86.Build.0 = Debug|x86
		{259B6EAE-EADC-4639-A445-3658F008695F}.Debug|x86.Deploy.0 = Debug|x86
		{259B6EAE-EADC-4639-A445-3658F008695F}.Release|ARM.ActiveCfg = Release|ARM
		{259B6EAE-EADC-4639-A445-3658F008695F}.Release|ARM.Build.0 = Release|ARM
		{259B6EAE-EADC-4639-A445-3658F008695F}.Release|ARM.Deploy.0 = Release|ARM
		{259B6EAE-EADC-4639-A445-3658F008695F}.Release|x64.ActiveCfg = Release|x64
		{259B6EAE-EADC-4639-A445-3658F008695F}.Release|x64.Build.0 = Release|x64
		{259B6EAE-EADC-4639-A445-3658F008695F}.Release|x64.Deploy.0 = Release|x64
		{259B6EAE-EADC-4639-A445-3658F008695F}.Release|x86.ActiveCfg = Release|x86
		{259B6EAE-EADC-4639-A445-3658F008695F}.Release|x86.Build.0 = Release|x86
		{259B6EAE-EADC-4639-A445-3658F008695F}.Release|x86.Deploy.0 = Release|x86
	EndGlobalSection
	GlobalSection(SolutionProperties) = preSolution
		HideSolutionNode = FALSE
	EndGlobalSection
	GlobalSection(ExtensibilityGlobals) = postSolution
		SolutionGuid = {96D3D724-3BF2-4EA0-A690-D8507E6C384D}
	EndGlobalSection
EndGlobal
